
Microsoft Visual Studio Solution File, Format Version 12.00
# Visual Studio 15
VisualStudioVersion = 15.0.28307.329
MinimumVisualStudioVersion = 10.0.40219.1
Project("{9A19103F-16F7-4668-BE54-9A1E7A4F7556}") = "DistanceScraper", "DistanceScraper\DistanceScraper.csproj", "{30D3144E-5A69-4041-B5A1-10414CFBE0DC}"
EndProject
Global
	GlobalSection(SolutionConfigurationPlatforms) = preSolution
		Debug|Any CPU = Debug|Any CPU
		Release|Any CPU = Release|Any CPU
	EndGlobalSection
	GlobalSection(ProjectConfigurationPlatforms) = postSolution
		{30D3144E-5A69-4041-B5A1-10414CFBE0DC}.Debug|Any CPU.ActiveCfg = Debug|Any CPU
		{30D3144E-5A69-4041-B5A1-10414CFBE0DC}.Debug|Any CPU.Build.0 = Debug|Any CPU
		{30D3144E-5A69-4041-B5A1-10414CFBE0DC}.Release|Any CPU.ActiveCfg = Release|Any CPU
		{30D3144E-5A69-4041-B5A1-10414CFBE0DC}.Release|Any CPU.Build.0 = Release|Any CPU
	EndGlobalSection
	GlobalSection(SolutionProperties) = preSolution
		HideSolutionNode = FALSE
	EndGlobalSection
	GlobalSection(ExtensibilityGlobals) = postSolution
		SolutionGuid = {5FDADA36-02CF-4CCD-956A-A8985A67F874}
	EndGlobalSection
EndGlobal
